// !$*UTF8*$!
{
	archiveVersion = 1;
	classes = {
	};
	objectVersion = 56;
	objects = {

/* Begin PBXBuildFile section */
		D2C0663D29BEE2DF00B6A69F /* AppDelegate.swift in Sources */ = {isa = PBXBuildFile; fileRef = D2C0663C29BEE2DF00B6A69F /* AppDelegate.swift */; };
		D2C0663F29BEE2DF00B6A69F /* SceneDelegate.swift in Sources */ = {isa = PBXBuildFile; fileRef = D2C0663E29BEE2DF00B6A69F /* SceneDelegate.swift */; };
		D2C0664129BEE2DF00B6A69F /* ViewController.swift in Sources */ = {isa = PBXBuildFile; fileRef = D2C0664029BEE2DF00B6A69F /* ViewController.swift */; };
		D2C0664429BEE2DF00B6A69F /* Main.storyboard in Resources */ = {isa = PBXBuildFile; fileRef = D2C0664229BEE2DF00B6A69F /* Main.storyboard */; };
		D2C0664729BEE2DF00B6A69F /* ExampleScreenCaptureBlock.xcdatamodeld in Sources */ = {isa = PBXBuildFile; fileRef = D2C0664529BEE2DF00B6A69F /* ExampleScreenCaptureBlock.xcdatamodeld */; };
		D2C0664929BEE2E100B6A69F /* Assets.xcassets in Resources */ = {isa = PBXBuildFile; fileRef = D2C0664829BEE2E100B6A69F /* Assets.xcassets */; };
		D2C0664C29BEE2E100B6A69F /* LaunchScreen.storyboard in Resources */ = {isa = PBXBuildFile; fileRef = D2C0664A29BEE2E100B6A69F /* LaunchScreen.storyboard */; };
		D2C0665729BEE2E100B6A69F /* ExampleScreenCaptureBlockTests.swift in Sources */ = {isa = PBXBuildFile; fileRef = D2C0665629BEE2E100B6A69F /* ExampleScreenCaptureBlockTests.swift */; };
		D2C0666129BEE2E100B6A69F /* ExampleScreenCaptureBlockUITests.swift in Sources */ = {isa = PBXBuildFile; fileRef = D2C0666029BEE2E100B6A69F /* ExampleScreenCaptureBlockUITests.swift */; };
		D2C0666329BEE2E100B6A69F /* ExampleScreenCaptureBlockUITestsLaunchTests.swift in Sources */ = {isa = PBXBuildFile; fileRef = D2C0666229BEE2E100B6A69F /* ExampleScreenCaptureBlockUITestsLaunchTests.swift */; };
/* End PBXBuildFile section */

/* Begin PBXContainerItemProxy section */
		D2C0665329BEE2E100B6A69F /* PBXContainerItemProxy */ = {
			isa = PBXContainerItemProxy;
			containerPortal = D2C0663129BEE2DF00B6A69F /* Project object */;
			proxyType = 1;
			remoteGlobalIDString = D2C0663829BEE2DF00B6A69F;
			remoteInfo = ExampleScreenCaptureBlock;
		};
		D2C0665D29BEE2E100B6A69F /* PBXContainerItemProxy */ = {
			isa = PBXContainerItemProxy;
			containerPortal = D2C0663129BEE2DF00B6A69F /* Project object */;
			proxyType = 1;
			remoteGlobalIDString = D2C0663829BEE2DF00B6A69F;
			remoteInfo = ExampleScreenCaptureBlock;
		};
/* End PBXContainerItemProxy section */

/* Begin PBXFileReference section */
		D2C0663929BEE2DF00B6A69F /* ExampleScreenCaptureBlock.app */ = {isa = PBXFileReference; explicitFileType = wrapper.application; includeInIndex = 0; path = ExampleScreenCaptureBlock.app; sourceTree = BUILT_PRODUCTS_DIR; };
		D2C0663C29BEE2DF00B6A69F /* AppDelegate.swift */ = {isa = PBXFileReference; lastKnownFileType = sourcecode.swift; path = AppDelegate.swift; sourceTree = "<group>"; };
		D2C0663E29BEE2DF00B6A69F /* SceneDelegate.swift */ = {isa = PBXFileReference; lastKnownFileType = sourcecode.swift; path = SceneDelegate.swift; sourceTree = "<group>"; };
		D2C0664029BEE2DF00B6A69F /* ViewController.swift */ = {isa = PBXFileReference; lastKnownFileType = sourcecode.swift; path = ViewController.swift; sourceTree = "<group>"; };
		D2C0664329BEE2DF00B6A69F /* Base */ = {isa = PBXFileReference; lastKnownFileType = file.storyboard; name = Base; path = Base.lproj/Main.storyboard; sourceTree = "<group>"; };
		D2C0664629BEE2DF00B6A69F /* ExampleScreenCaptureBlock.xcdatamodel */ = {isa = PBXFileReference; lastKnownFileType = wrapper.xcdatamodel; path = ExampleScreenCaptureBlock.xcdatamodel; sourceTree = "<group>"; };
		D2C0664829BEE2E100B6A69F /* Assets.xcassets */ = {isa = PBXFileReference; lastKnownFileType = folder.assetcatalog; path = Assets.xcassets; sourceTree = "<group>"; };
		D2C0664B29BEE2E100B6A69F /* Base */ = {isa = PBXFileReference; lastKnownFileType = file.storyboard; name = Base; path = Base.lproj/LaunchScreen.storyboard; sourceTree = "<group>"; };
		D2C0664D29BEE2E100B6A69F /* Info.plist */ = {isa = PBXFileReference; lastKnownFileType = text.plist.xml; path = Info.plist; sourceTree = "<group>"; };
		D2C0665229BEE2E100B6A69F /* ExampleScreenCaptureBlockTests.xctest */ = {isa = PBXFileReference; explicitFileType = wrapper.cfbundle; includeInIndex = 0; path = ExampleScreenCaptureBlockTests.xctest; sourceTree = BUILT_PRODUCTS_DIR; };
		D2C0665629BEE2E100B6A69F /* ExampleScreenCaptureBlockTests.swift */ = {isa = PBXFileReference; lastKnownFileType = sourcecode.swift; path = ExampleScreenCaptureBlockTests.swift; sourceTree = "<group>"; };
		D2C0665C29BEE2E100B6A69F /* ExampleScreenCaptureBlockUITests.xctest */ = {isa = PBXFileReference; explicitFileType = wrapper.cfbundle; includeInIndex = 0; path = ExampleScreenCaptureBlockUITests.xctest; sourceTree = BUILT_PRODUCTS_DIR; };
		D2C0666029BEE2E100B6A69F /* ExampleScreenCaptureBlockUITests.swift */ = {isa = PBXFileReference; lastKnownFileType = sourcecode.swift; path = ExampleScreenCaptureBlockUITests.swift; sourceTree = "<group>"; };
		D2C0666229BEE2E100B6A69F /* ExampleScreenCaptureBlockUITestsLaunchTests.swift */ = {isa = PBXFileReference; lastKnownFileType = sourcecode.swift; path = ExampleScreenCaptureBlockUITestsLaunchTests.swift; sourceTree = "<group>"; };
/* End PBXFileReference section */

/* Begin PBXFrameworksBuildPhase section */
		D2C0663629BEE2DF00B6A69F /* Frameworks */ = {
			isa = PBXFrameworksBuildPhase;
			buildActionMask = 2147483647;
			files = (
			);
			runOnlyForDeploymentPostprocessing = 0;
		};
		D2C0664F29BEE2E100B6A69F /* Frameworks */ = {
			isa = PBXFrameworksBuildPhase;
			buildActionMask = 2147483647;
			files = (
			);
			runOnlyForDeploymentPostprocessing = 0;
		};
		D2C0665929BEE2E100B6A69F /* Frameworks */ = {
			isa = PBXFrameworksBuildPhase;
			buildActionMask = 2147483647;
			files = (
			);
			runOnlyForDeploymentPostprocessing = 0;
		};
/* End PBXFrameworksBuildPhase section */

/* Begin PBXGroup section */
		D2C0663029BEE2DF00B6A69F = {
			isa = PBXGroup;
			children = (
				D2C0663B29BEE2DF00B6A69F /* ExampleScreenCaptureBlock */,
				D2C0665529BEE2E100B6A69F /* ExampleScreenCaptureBlockTests */,
				D2C0665F29BEE2E100B6A69F /* ExampleScreenCaptureBlockUITests */,
				D2C0663A29BEE2DF00B6A69F /* Products */,
			);
			sourceTree = "<group>";
		};
		D2C0663A29BEE2DF00B6A69F /* Products */ = {
			isa = PBXGroup;
			children = (
				D2C0663929BEE2DF00B6A69F /* ExampleScreenCaptureBlock.app */,
				D2C0665229BEE2E100B6A69F /* ExampleScreenCaptureBlockTests.xctest */,
				D2C0665C29BEE2E100B6A69F /* ExampleScreenCaptureBlockUITests.xctest */,
			);
			name = Products;
			sourceTree = "<group>";
		};
		D2C0663B29BEE2DF00B6A69F /* ExampleScreenCaptureBlock */ = {
			isa = PBXGroup;
			children = (
				D2C0663C29BEE2DF00B6A69F /* AppDelegate.swift */,
				D2C0663E29BEE2DF00B6A69F /* SceneDelegate.swift */,
				D2C0664029BEE2DF00B6A69F /* ViewController.swift */,
				D2C0664229BEE2DF00B6A69F /* Main.storyboard */,
				D2C0664829BEE2E100B6A69F /* Assets.xcassets */,
				D2C0664A29BEE2E100B6A69F /* LaunchScreen.storyboard */,
				D2C0664D29BEE2E100B6A69F /* Info.plist */,
				D2C0664529BEE2DF00B6A69F /* ExampleScreenCaptureBlock.xcdatamodeld */,
			);
			path = ExampleScreenCaptureBlock;
			sourceTree = "<group>";
		};
		D2C0665529BEE2E100B6A69F /* ExampleScreenCaptureBlockTests */ = {
			isa = PBXGroup;
			children = (
				D2C0665629BEE2E100B6A69F /* ExampleScreenCaptureBlockTests.swift */,
			);
			path = ExampleScreenCaptureBlockTests;
			sourceTree = "<group>";
		};
		D2C0665F29BEE2E100B6A69F /* ExampleScreenCaptureBlockUITests */ = {
			isa = PBXGroup;
			children = (
				D2C0666029BEE2E100B6A69F /* ExampleScreenCaptureBlockUITests.swift */,
				D2C0666229BEE2E100B6A69F /* ExampleScreenCaptureBlockUITestsLaunchTests.swift */,
			);
			path = ExampleScreenCaptureBlockUITests;
			sourceTree = "<group>";
		};
/* End PBXGroup section */

/* Begin PBXNativeTarget section */
		D2C0663829BEE2DF00B6A69F /* ExampleScreenCaptureBlock */ = {
			isa = PBXNativeTarget;
			buildConfigurationList = D2C0666629BEE2E100B6A69F /* Build configuration list for PBXNativeTarget "ExampleScreenCaptureBlock" */;
			buildPhases = (
				D2C0663529BEE2DF00B6A69F /* Sources */,
				D2C0663629BEE2DF00B6A69F /* Frameworks */,
				D2C0663729BEE2DF00B6A69F /* Resources */,
			);
			buildRules = (
			);
			dependencies = (
			);
			name = ExampleScreenCaptureBlock;
			productName = ExampleScreenCaptureBlock;
			productReference = D2C0663929BEE2DF00B6A69F /* ExampleScreenCaptureBlock.app */;
			productType = "com.apple.product-type.application";
		};
		D2C0665129BEE2E100B6A69F /* ExampleScreenCaptureBlockTests */ = {
			isa = PBXNativeTarget;
			buildConfigurationList = D2C0666929BEE2E100B6A69F /* Build configuration list for PBXNativeTarget "ExampleScreenCaptureBlockTests" */;
			buildPhases = (
				D2C0664E29BEE2E100B6A69F /* Sources */,
				D2C0664F29BEE2E100B6A69F /* Frameworks */,
				D2C0665029BEE2E100B6A69F /* Resources */,
			);
			buildRules = (
			);
			dependencies = (
				D2C0665429BEE2E100B6A69F /* PBXTargetDependency */,
			);
			name = ExampleScreenCaptureBlockTests;
			productName = ExampleScreenCaptureBlockTests;
			productReference = D2C0665229BEE2E100B6A69F /* ExampleScreenCaptureBlockTests.xctest */;
			productType = "com.apple.product-type.bundle.unit-test";
		};
		D2C0665B29BEE2E100B6A69F /* ExampleScreenCaptureBlockUITests */ = {
			isa = PBXNativeTarget;
			buildConfigurationList = D2C0666C29BEE2E100B6A69F /* Build configuration list for PBXNativeTarget "ExampleScreenCaptureBlockUITests" */;
			buildPhases = (
				D2C0665829BEE2E100B6A69F /* Sources */,
				D2C0665929BEE2E100B6A69F /* Frameworks */,
				D2C0665A29BEE2E100B6A69F /* Resources */,
			);
			buildRules = (
			);
			dependencies = (
				D2C0665E29BEE2E100B6A69F /* PBXTargetDependency */,
			);
			name = ExampleScreenCaptureBlockUITests;
			productName = ExampleScreenCaptureBlockUITests;
			productReference = D2C0665C29BEE2E100B6A69F /* ExampleScreenCaptureBlockUITests.xctest */;
			productType = "com.apple.product-type.bundle.ui-testing";
		};
/* End PBXNativeTarget section */

/* Begin PBXProject section */
		D2C0663129BEE2DF00B6A69F /* Project object */ = {
			isa = PBXProject;
			attributes = {
				BuildIndependentTargetsInParallel = 1;
				LastSwiftUpdateCheck = 1420;
				LastUpgradeCheck = 1420;
				TargetAttributes = {
					D2C0663829BEE2DF00B6A69F = {
						CreatedOnToolsVersion = 14.2;
					};
					D2C0665129BEE2E100B6A69F = {
						CreatedOnToolsVersion = 14.2;
						TestTargetID = D2C0663829BEE2DF00B6A69F;
					};
					D2C0665B29BEE2E100B6A69F = {
						CreatedOnToolsVersion = 14.2;
						TestTargetID = D2C0663829BEE2DF00B6A69F;
					};
				};
			};
			buildConfigurationList = D2C0663429BEE2DF00B6A69F /* Build configuration list for PBXProject "ExampleScreenCaptureBlock" */;
			compatibilityVersion = "Xcode 14.0";
			developmentRegion = en;
			hasScannedForEncodings = 0;
			knownRegions = (
				en,
				Base,
			);
			mainGroup = D2C0663029BEE2DF00B6A69F;
			productRefGroup = D2C0663A29BEE2DF00B6A69F /* Products */;
			projectDirPath = "";
			projectRoot = "";
			targets = (
				D2C0663829BEE2DF00B6A69F /* ExampleScreenCaptureBlock */,
				D2C0665129BEE2E100B6A69F /* ExampleScreenCaptureBlockTests */,
				D2C0665B29BEE2E100B6A69F /* ExampleScreenCaptureBlockUITests */,
			);
		};
/* End PBXProject section */

/* Begin PBXResourcesBuildPhase section */
		D2C0663729BEE2DF00B6A69F /* Resources */ = {
			isa = PBXResourcesBuildPhase;
			buildActionMask = 2147483647;
			files = (
				D2C0664C29BEE2E100B6A69F /* LaunchScreen.storyboard in Resources */,
				D2C0664929BEE2E100B6A69F /* Assets.xcassets in Resources */,
				D2C0664429BEE2DF00B6A69F /* Main.storyboard in Resources */,
			);
			runOnlyForDeploymentPostprocessing = 0;
		};
		D2C0665029BEE2E100B6A69F /* Resources */ = {
			isa = PBXResourcesBuildPhase;
			buildActionMask = 2147483647;
			files = (
			);
			runOnlyForDeploymentPostprocessing = 0;
		};
		D2C0665A29BEE2E100B6A69F /* Resources */ = {
			isa = PBXResourcesBuildPhase;
			buildActionMask = 2147483647;
			files = (
			);
			runOnlyForDeploymentPostprocessing = 0;
		};
/* End PBXResourcesBuildPhase section */

/* Begin PBXSourcesBuildPhase section */
		D2C0663529BEE2DF00B6A69F /* Sources */ = {
			isa = PBXSourcesBuildPhase;
			buildActionMask = 2147483647;
			files = (
				D2C0664129BEE2DF00B6A69F /* ViewController.swift in Sources */,
				D2C0664729BEE2DF00B6A69F /* ExampleScreenCaptureBlock.xcdatamodeld in Sources */,
				D2C0663D29BEE2DF00B6A69F /* AppDelegate.swift in Sources */,
				D2C0663F29BEE2DF00B6A69F /* SceneDelegate.swift in Sources */,
			);
			runOnlyForDeploymentPostprocessing = 0;
		};
		D2C0664E29BEE2E100B6A69F /* Sources */ = {
			isa = PBXSourcesBuildPhase;
			buildActionMask = 2147483647;
			files = (
				D2C0665729BEE2E100B6A69F /* ExampleScreenCaptureBlockTests.swift in Sources */,
			);
			runOnlyForDeploymentPostprocessing = 0;
		};
		D2C0665829BEE2E100B6A69F /* Sources */ = {
			isa = PBXSourcesBuildPhase;
			buildActionMask = 2147483647;
			files = (
				D2C0666329BEE2E100B6A69F /* ExampleScreenCaptureBlockUITestsLaunchTests.swift in Sources */,
				D2C0666129BEE2E100B6A69F /* ExampleScreenCaptureBlockUITests.swift in Sources */,
			);
			runOnlyForDeploymentPostprocessing = 0;
		};
/* End PBXSourcesBuildPhase section */

/* Begin PBXTargetDependency section */
		D2C0665429BEE2E100B6A69F /* PBXTargetDependency */ = {
			isa = PBXTargetDependency;
			target = D2C0663829BEE2DF00B6A69F /* ExampleScreenCaptureBlock */;
			targetProxy = D2C0665329BEE2E100B6A69F /* PBXContainerItemProxy */;
		};
		D2C0665E29BEE2E100B6A69F /* PBXTargetDependency */ = {
			isa = PBXTargetDependency;
			target = D2C0663829BEE2DF00B6A69F /* ExampleScreenCaptureBlock */;
			targetProxy = D2C0665D29BEE2E100B6A69F /* PBXContainerItemProxy */;
		};
/* End PBXTargetDependency section */

/* Begin PBXVariantGroup section */
		D2C0664229BEE2DF00B6A69F /* Main.storyboard */ = {
			isa = PBXVariantGroup;
			children = (
				D2C0664329BEE2DF00B6A69F /* Base */,
			);
			name = Main.storyboard;
			sourceTree = "<group>";
		};
		D2C0664A29BEE2E100B6A69F /* LaunchScreen.storyboard */ = {
			isa = PBXVariantGroup;
			children = (
				D2C0664B29BEE2E100B6A69F /* Base */,
			);
			name = LaunchScreen.storyboard;
			sourceTree = "<group>";
		};
/* End PBXVariantGroup section */

/* Begin XCBuildConfiguration section */
		D2C0666429BEE2E100B6A69F /* Debug */ = {
			isa = XCBuildConfiguration;
			buildSettings = {
				ALWAYS_SEARCH_USER_PATHS = NO;
				CLANG_ANALYZER_NONNULL = YES;
				CLANG_ANALYZER_NUMBER_OBJECT_CONVERSION = YES_AGGRESSIVE;
				CLANG_CXX_LANGUAGE_STANDARD = "gnu++20";
				CLANG_ENABLE_MODULES = YES;
				CLANG_ENABLE_OBJC_ARC = YES;
				CLANG_ENABLE_OBJC_WEAK = YES;
				CLANG_WARN_BLOCK_CAPTURE_AUTORELEASING = YES;
				CLANG_WARN_BOOL_CONVERSION = YES;
				CLANG_WARN_COMMA = YES;
				CLANG_WARN_CONSTANT_CONVERSION = YES;
				CLANG_WARN_DEPRECATED_OBJC_IMPLEMENTATIONS = YES;
				CLANG_WARN_DIRECT_OBJC_ISA_USAGE = YES_ERROR;
				CLANG_WARN_DOCUMENTATION_COMMENTS = YES;
				CLANG_WARN_EMPTY_BODY = YES;
				CLANG_WARN_ENUM_CONVERSION = YES;
				CLANG_WARN_INFINITE_RECURSION = YES;
				CLANG_WARN_INT_CONVERSION = YES;
				CLANG_WARN_NON_LITERAL_NULL_CONVERSION = YES;
				CLANG_WARN_OBJC_IMPLICIT_RETAIN_SELF = YES;
				CLANG_WARN_OBJC_LITERAL_CONVERSION = YES;
				CLANG_WARN_OBJC_ROOT_CLASS = YES_ERROR;
				CLANG_WARN_QUOTED_INCLUDE_IN_FRAMEWORK_HEADER = YES;
				CLANG_WARN_RANGE_LOOP_ANALYSIS = YES;
				CLANG_WARN_STRICT_PROTOTYPES = YES;
				CLANG_WARN_SUSPICIOUS_MOVE = YES;
				CLANG_WARN_UNGUARDED_AVAILABILITY = YES_AGGRESSIVE;
				CLANG_WARN_UNREACHABLE_CODE = YES;
				CLANG_WARN__DUPLICATE_METHOD_MATCH = YES;
				COPY_PHASE_STRIP = NO;
				DEBUG_INFORMATION_FORMAT = dwarf;
				ENABLE_STRICT_OBJC_MSGSEND = YES;
				ENABLE_TESTABILITY = YES;
				GCC_C_LANGUAGE_STANDARD = gnu11;
				GCC_DYNAMIC_NO_PIC = NO;
				GCC_NO_COMMON_BLOCKS = YES;
				GCC_OPTIMIZATION_LEVEL = 0;
				GCC_PREPROCESSOR_DEFINITIONS = (
					"DEBUG=1",
					"$(inherited)",
				);
				GCC_WARN_64_TO_32_BIT_CONVERSION = YES;
				GCC_WARN_ABOUT_RETURN_TYPE = YES_ERROR;
				GCC_WARN_UNDECLARED_SELECTOR = YES;
				GCC_WARN_UNINITIALIZED_AUTOS = YES_AGGRESSIVE;
				GCC_WARN_UNUSED_FUNCTION = YES;
				GCC_WARN_UNUSED_VARIABLE = YES;
				IPHONEOS_DEPLOYMENT_TARGET = 16.2;
				MTL_ENABLE_DEBUG_INFO = INCLUDE_SOURCE;
				MTL_FAST_MATH = YES;
				ONLY_ACTIVE_ARCH = YES;
				SDKROOT = iphoneos;
				SWIFT_ACTIVE_COMPILATION_CONDITIONS = DEBUG;
				SWIFT_OPTIMIZATION_LEVEL = "-Onone";
			};
			name = Debug;
		};
		D2C0666529BEE2E100B6A69F /* Release */ = {
			isa = XCBuildConfiguration;
			buildSettings = {
				ALWAYS_SEARCH_USER_PATHS = NO;
				CLANG_ANALYZER_NONNULL = YES;
				CLANG_ANALYZER_NUMBER_OBJECT_CONVERSION = YES_AGGRESSIVE;
				CLANG_CXX_LANGUAGE_STANDARD = "gnu++20";
				CLANG_ENABLE_MODULES = YES;
				CLANG_ENABLE_OBJC_ARC = YES;
				CLANG_ENABLE_OBJC_WEAK = YES;
				CLANG_WARN_BLOCK_CAPTURE_AUTORELEASING = YES;
				CLANG_WARN_BOOL_CONVERSION = YES;
				CLANG_WARN_COMMA = YES;
				CLANG_WARN_CONSTANT_CONVERSION = YES;
				CLANG_WARN_DEPRECATED_OBJC_IMPLEMENTATIONS = YES;
				CLANG_WARN_DIRECT_OBJC_ISA_USAGE = YES_ERROR;
				CLANG_WARN_DOCUMENTATION_COMMENTS = YES;
				CLANG_WARN_EMPTY_BODY = YES;
				CLANG_WARN_ENUM_CONVERSION = YES;
				CLANG_WARN_INFINITE_RECURSION = YES;
				CLANG_WARN_INT_CONVERSION = YES;
				CLANG_WARN_NON_LITERAL_NULL_CONVERSION = YES;
				CLANG_WARN_OBJC_IMPLICIT_RETAIN_SELF = YES;
				CLANG_WARN_OBJC_LITERAL_CONVERSION = YES;
				CLANG_WARN_OBJC_ROOT_CLASS = YES_ERROR;
				CLANG_WARN_QUOTED_INCLUDE_IN_FRAMEWORK_HEADER = YES;
				CLANG_WARN_RANGE_LOOP_ANALYSIS = YES;
				CLANG_WARN_STRICT_PROTOTYPES = YES;
				CLANG_WARN_SUSPICIOUS_MOVE = YES;
				CLANG_WARN_UNGUARDED_AVAILABILITY = YES_AGGRESSIVE;
				CLANG_WARN_UNREACHABLE_CODE = YES;
				CLANG_WARN__DUPLICATE_METHOD_MATCH = YES;
				COPY_PHASE_STRIP = NO;
				DEBUG_INFORMATION_FORMAT = "dwarf-with-dsym";
				ENABLE_NS_ASSERTIONS = NO;
				ENABLE_STRICT_OBJC_MSGSEND = YES;
				GCC_C_LANGUAGE_STANDARD = gnu11;
				GCC_NO_COMMON_BLOCKS = YES;
				GCC_WARN_64_TO_32_BIT_CONVERSION = YES;
				GCC_WARN_ABOUT_RETURN_TYPE = YES_ERROR;
				GCC_WARN_UNDECLARED_SELECTOR = YES;
				GCC_WARN_UNINITIALIZED_AUTOS = YES_AGGRESSIVE;
				GCC_WARN_UNUSED_FUNCTION = YES;
				GCC_WARN_UNUSED_VARIABLE = YES;
				IPHONEOS_DEPLOYMENT_TARGET = 16.2;
				MTL_ENABLE_DEBUG_INFO = NO;
				MTL_FAST_MATH = YES;
				SDKROOT = iphoneos;
				SWIFT_COMPILATION_MODE = wholemodule;
				SWIFT_OPTIMIZATION_LEVEL = "-O";
				VALIDATE_PRODUCT = YES;
			};
			name = Release;
		};
		D2C0666729BEE2E100B6A69F /* Debug */ = {
			isa = XCBuildConfiguration;
			buildSettings = {
				ASSETCATALOG_COMPILER_APPICON_NAME = AppIcon;
				ASSETCATALOG_COMPILER_GLOBAL_ACCENT_COLOR_NAME = AccentColor;
				CODE_SIGN_STYLE = Automatic;
				CURRENT_PROJECT_VERSION = 1;
				DEVELOPMENT_TEAM = Y9WR52N5H5;
				GENERATE_INFOPLIST_FILE = YES;
				INFOPLIST_FILE = ExampleScreenCaptureBlock/Info.plist;
				INFOPLIST_KEY_UIApplicationSupportsIndirectInputEvents = YES;
				INFOPLIST_KEY_UILaunchStoryboardName = LaunchScreen;
				INFOPLIST_KEY_UIMainStoryboardFile = Main;
				INFOPLIST_KEY_UISupportedInterfaceOrientations_iPad = "UIInterfaceOrientationPortrait UIInterfaceOrientationPortraitUpsideDown UIInterfaceOrientationLandscapeLeft UIInterfaceOrientationLandscapeRight";
				INFOPLIST_KEY_UISupportedInterfaceOrientations_iPhone = "UIInterfaceOrientationPortrait UIInterfaceOrientationLandscapeLeft UIInterfaceOrientationLandscapeRight";
				LD_RUNPATH_SEARCH_PATHS = (
					"$(inherited)",
					"@executable_path/Frameworks",
				);
				MARKETING_VERSION = 1.0;
				PRODUCT_BUNDLE_IDENTIFIER = com.hwangjaehyeon.ExampleScreenCaptureBlock;
				PRODUCT_NAME = "$(TARGET_NAME)";
				SWIFT_EMIT_LOC_STRINGS = YES;
				SWIFT_VERSION = 5.0;
				TARGETED_DEVICE_FAMILY = "1,2";
			};
			name = Debug;
		};
		D2C0666829BEE2E100B6A69F /* Release */ = {
			isa = XCBuildConfiguration;
			buildSettings = {
				ASSETCATALOG_COMPILER_APPICON_NAME = AppIcon;
				ASSETCATALOG_COMPILER_GLOBAL_ACCENT_COLOR_NAME = AccentColor;
				CODE_SIGN_STYLE = Automatic;
				CURRENT_PROJECT_VERSION = 1;
				DEVELOPMENT_TEAM = Y9WR52N5H5;
				GENERATE_INFOPLIST_FILE = YES;
				INFOPLIST_FILE = ExampleScreenCaptureBlock/Info.plist;
				INFOPLIST_KEY_UIApplicationSupportsIndirectInputEvents = YES;
				INFOPLIST_KEY_UILaunchStoryboardName = LaunchScreen;
				INFOPLIST_KEY_UIMainStoryboardFile = Main;
				INFOPLIST_KEY_UISupportedInterfaceOrientations_iPad = "UIInterfaceOrientationPortrait UIInterfaceOrientationPortraitUpsideDown UIInterfaceOrientationLandscapeLeft UIInterfaceOrientationLandscapeRight";
				INFOPLIST_KEY_UISupportedInterfaceOrientations_iPhone = "UIInterfaceOrientationPortrait UIInterfaceOrientationLandscapeLeft UIInterfaceOrientationLandscapeRight";
				LD_RUNPATH_SEARCH_PATHS = (
					"$(inherited)",
					"@executable_path/Frameworks",
				);
				MARKETING_VERSION = 1.0;
				PRODUCT_BUNDLE_IDENTIFIER = com.hwangjaehyeon.ExampleScreenCaptureBlock;
				PRODUCT_NAME = "$(TARGET_NAME)";
				SWIFT_EMIT_LOC_STRINGS = YES;
				SWIFT_VERSION = 5.0;
				TARGETED_DEVICE_FAMILY = "1,2";
			};
			name = Release;
		};
		D2C0666A29BEE2E100B6A69F /* Debug */ = {
			isa = XCBuildConfiguration;
			buildSettings = {
				ALWAYS_EMBED_SWIFT_STANDARD_LIBRARIES = YES;
				BUNDLE_LOADER = "$(TEST_HOST)";
				CODE_SIGN_STYLE = Automatic;
				CURRENT_PROJECT_VERSION = 1;
				DEVELOPMENT_TEAM = Y9WR52N5H5;
				GENERATE_INFOPLIST_FILE = YES;
				IPHONEOS_DEPLOYMENT_TARGET = 16.2;
				MARKETING_VERSION = 1.0;
				PRODUCT_BUNDLE_IDENTIFIER = com.hwangjaehyeon.ExampleScreenCaptureBlockTests;
				PRODUCT_NAME = "$(TARGET_NAME)";
				SWIFT_EMIT_LOC_STRINGS = NO;
				SWIFT_VERSION = 5.0;
				TARGETED_DEVICE_FAMILY = "1,2";
				TEST_HOST = "$(BUILT_PRODUCTS_DIR)/ExampleScreenCaptureBlock.app/$(BUNDLE_EXECUTABLE_FOLDER_PATH)/ExampleScreenCaptureBlock";
			};
			name = Debug;
		};
		D2C0666B29BEE2E100B6A69F /* Release */ = {
			isa = XCBuildConfiguration;
			buildSettings = {
				ALWAYS_EMBED_SWIFT_STANDARD_LIBRARIES = YES;
				BUNDLE_LOADER = "$(TEST_HOST)";
				CODE_SIGN_STYLE = Automatic;
				CURRENT_PROJECT_VERSION = 1;
				DEVELOPMENT_TEAM = Y9WR52N5H5;
				GENERATE_INFOPLIST_FILE = YES;
				IPHONEOS_DEPLOYMENT_TARGET = 16.2;
				MARKETING_VERSION = 1.0;
				PRODUCT_BUNDLE_IDENTIFIER = com.hwangjaehyeon.ExampleScreenCaptureBlockTests;
				PRODUCT_NAME = "$(TARGET_NAME)";
				SWIFT_EMIT_LOC_STRINGS = NO;
				SWIFT_VERSION = 5.0;
				TARGETED_DEVICE_FAMILY = "1,2";
				TEST_HOST = "$(BUILT_PRODUCTS_DIR)/ExampleScreenCaptureBlock.app/$(BUNDLE_EXECUTABLE_FOLDER_PATH)/ExampleScreenCaptureBlock";
			};
			name = Release;
		};
		D2C0666D29BEE2E100B6A69F /* Debug */ = {
			isa = XCBuildConfiguration;
			buildSettings = {
				ALWAYS_EMBED_SWIFT_STANDARD_LIBRARIES = YES;
				CODE_SIGN_STYLE = Automatic;
				CURRENT_PROJECT_VERSION = 1;
				DEVELOPMENT_TEAM = Y9WR52N5H5;
				GENERATE_INFOPLIST_FILE = YES;
				MARKETING_VERSION = 1.0;
				PRODUCT_BUNDLE_IDENTIFIER = com.hwangjaehyeon.ExampleScreenCaptureBlockUITests;
				PRODUCT_NAME = "$(TARGET_NAME)";
				SWIFT_EMIT_LOC_STRINGS = NO;
				SWIFT_VERSION = 5.0;
				TARGETED_DEVICE_FAMILY = "1,2";
				TEST_TARGET_NAME = ExampleScreenCaptureBlock;
			};
			name = Debug;
		};
		D2C0666E29BEE2E100B6A69F /* Release */ = {
			isa = XCBuildConfiguration;
			buildSettings = {
				ALWAYS_EMBED_SWIFT_STANDARD_LIBRARIES = YES;
				CODE_SIGN_STYLE = Automatic;
				CURRENT_PROJECT_VERSION = 1;
				DEVELOPMENT_TEAM = Y9WR52N5H5;
				GENERATE_INFOPLIST_FILE = YES;
				MARKETING_VERSION = 1.0;
				PRODUCT_BUNDLE_IDENTIFIER = com.hwangjaehyeon.ExampleScreenCaptureBlockUITests;
				PRODUCT_NAME = "$(TARGET_NAME)";
				SWIFT_EMIT_LOC_STRINGS = NO;
				SWIFT_VERSION = 5.0;
				TARGETED_DEVICE_FAMILY = "1,2";
				TEST_TARGET_NAME = ExampleScreenCaptureBlock;
			};
			name = Release;
		};
/* End XCBuildConfiguration section */

/* Begin XCConfigurationList section */
		D2C0663429BEE2DF00B6A69F /* Build configuration list for PBXProject "ExampleScreenCaptureBlock" */ = {
			isa = XCConfigurationList;
			buildConfigurations = (
				D2C0666429BEE2E100B6A69F /* Debug */,
				D2C0666529BEE2E100B6A69F /* Release */,
			);
			defaultConfigurationIsVisible = 0;
			defaultConfigurationName = Release;
		};
		D2C0666629BEE2E100B6A69F /* Build configuration list for PBXNativeTarget "ExampleScreenCaptureBlock" */ = {
			isa = XCConfigurationList;
			buildConfigurations = (
				D2C0666729BEE2E100B6A69F /* Debug */,
				D2C0666829BEE2E100B6A69F /* Release */,
			);
			defaultConfigurationIsVisible = 0;
			defaultConfigurationName = Release;
		};
		D2C0666929BEE2E100B6A69F /* Build configuration list for PBXNativeTarget "ExampleScreenCaptureBlockTests" */ = {
			isa = XCConfigurationList;
			buildConfigurations = (
				D2C0666A29BEE2E100B6A69F /* Debug */,
				D2C0666B29BEE2E100B6A69F /* Release */,
			);
			defaultConfigurationIsVisible = 0;
			defaultConfigurationName = Release;
		};
		D2C0666C29BEE2E100B6A69F /* Build configuration list for PBXNativeTarget "ExampleScreenCaptureBlockUITests" */ = {
			isa = XCConfigurationList;
			buildConfigurations = (
				D2C0666D29BEE2E100B6A69F /* Debug */,
				D2C0666E29BEE2E100B6A69F /* Release */,
			);
			defaultConfigurationIsVisible = 0;
			defaultConfigurationName = Release;
		};
/* End XCConfigurationList section */

/* Begin XCVersionGroup section */
		D2C0664529BEE2DF00B6A69F /* ExampleScreenCaptureBlock.xcdatamodeld */ = {
			isa = XCVersionGroup;
			children = (
				D2C0664629BEE2DF00B6A69F /* ExampleScreenCaptureBlock.xcdatamodel */,
			);
			currentVersion = D2C0664629BEE2DF00B6A69F /* ExampleScreenCaptureBlock.xcdatamodel */;
			path = ExampleScreenCaptureBlock.xcdatamodeld;
			sourceTree = "<group>";
			versionGroupType = wrapper.xcdatamodel;
		};
/* End XCVersionGroup section */
	};
	rootObject = D2C0663129BEE2DF00B6A69F /* Project object */;
}
